// !$*UTF8*$!
{
	archiveVersion = 1;
	classes = {
	};
	objectVersion = 56;
	objects = {

/* Begin PBXBuildFile section */
		DE2395E92A17EE230056ED7A /* .gitignore in Resources */ = {isa = PBXBuildFile; fileRef = DE2395E82A17EE230056ED7A /* .gitignore */; };
		DE2395EB2A17F58F0056ED7A /* CustomView.swift in Sources */ = {isa = PBXBuildFile; fileRef = DE2395EA2A17F58F0056ED7A /* CustomView.swift */; };
		DE2395ED2A17F6AA0056ED7A /* FlashCardModel.swift in Sources */ = {isa = PBXBuildFile; fileRef = DE2395EC2A17F6AA0056ED7A /* FlashCardModel.swift */; };
		DE2395F12A1A95500056ED7A /* verbs.json in Resources */ = {isa = PBXBuildFile; fileRef = DE2395F02A1A95500056ED7A /* verbs.json */; };
		DE2395F32A1D3CA80056ED7A /* FlashCardManager.swift in Sources */ = {isa = PBXBuildFile; fileRef = DE2395F22A1D3CA80056ED7A /* FlashCardManager.swift */; };
		DE2395F52A1D56D50056ED7A /* LearnedCardsViewController.swift in Sources */ = {isa = PBXBuildFile; fileRef = DE2395F42A1D56D50056ED7A /* LearnedCardsViewController.swift */; };
		DE2395F72A217A120056ED7A /* Colors.swift in Sources */ = {isa = PBXBuildFile; fileRef = DE2395F62A217A120056ED7A /* Colors.swift */; };
		DE2395F92A2182350056ED7A /* NotoSerifDisplay-Regular.ttf in Resources */ = {isa = PBXBuildFile; fileRef = DE2395F82A2182350056ED7A /* NotoSerifDisplay-Regular.ttf */; };
		DE2395FB2A2182400056ED7A /* OFL.txt in Resources */ = {isa = PBXBuildFile; fileRef = DE2395FA2A2182400056ED7A /* OFL.txt */; };
		DE2395FE2A2184D60056ED7A /* NotoSerifDisplay-Regular.plist in Resources */ = {isa = PBXBuildFile; fileRef = DE2395FD2A2184D60056ED7A /* NotoSerifDisplay-Regular.plist */; };
		DE2396002A2185C20056ED7A /* ScaledFont.swift in Sources */ = {isa = PBXBuildFile; fileRef = DE2395FF2A2185C20056ED7A /* ScaledFont.swift */; };
		DEC888042A17E4D700256D97 /* AppDelegate.swift in Sources */ = {isa = PBXBuildFile; fileRef = DEC888032A17E4D700256D97 /* AppDelegate.swift */; };
		DEC888082A17E4D700256D97 /* ViewController.swift in Sources */ = {isa = PBXBuildFile; fileRef = DEC888072A17E4D700256D97 /* ViewController.swift */; };
		DEC8880D2A17E4D900256D97 /* Assets.xcassets in Resources */ = {isa = PBXBuildFile; fileRef = DEC8880C2A17E4D900256D97 /* Assets.xcassets */; };
		DEC888102A17E4D900256D97 /* LaunchScreen.storyboard in Resources */ = {isa = PBXBuildFile; fileRef = DEC8880E2A17E4D900256D97 /* LaunchScreen.storyboard */; };
/* End PBXBuildFile section */

/* Begin PBXFileReference section */
		DE2395E82A17EE230056ED7A /* .gitignore */ = {isa = PBXFileReference; lastKnownFileType = text; path = .gitignore; sourceTree = "<group>"; };
		DE2395EA2A17F58F0056ED7A /* CustomView.swift */ = {isa = PBXFileReference; lastKnownFileType = sourcecode.swift; path = CustomView.swift; sourceTree = "<group>"; };
		DE2395EC2A17F6AA0056ED7A /* FlashCardModel.swift */ = {isa = PBXFileReference; lastKnownFileType = sourcecode.swift; path = FlashCardModel.swift; sourceTree = "<group>"; };
		DE2395F02A1A95500056ED7A /* verbs.json */ = {isa = PBXFileReference; lastKnownFileType = text.json; path = verbs.json; sourceTree = "<group>"; };
		DE2395F22A1D3CA80056ED7A /* FlashCardManager.swift */ = {isa = PBXFileReference; lastKnownFileType = sourcecode.swift; path = FlashCardManager.swift; sourceTree = "<group>"; };
		DE2395F42A1D56D50056ED7A /* LearnedCardsViewController.swift */ = {isa = PBXFileReference; lastKnownFileType = sourcecode.swift; path = LearnedCardsViewController.swift; sourceTree = "<group>"; };
		DE2395F62A217A120056ED7A /* Colors.swift */ = {isa = PBXFileReference; lastKnownFileType = sourcecode.swift; path = Colors.swift; sourceTree = "<group>"; };
		DE2395F82A2182350056ED7A /* NotoSerifDisplay-Regular.ttf */ = {isa = PBXFileReference; lastKnownFileType = file; path = "NotoSerifDisplay-Regular.ttf"; sourceTree = "<group>"; };
		DE2395FA2A2182400056ED7A /* OFL.txt */ = {isa = PBXFileReference; fileEncoding = 4; lastKnownFileType = text; path = OFL.txt; sourceTree = "<group>"; };
		DE2395FD2A2184D60056ED7A /* NotoSerifDisplay-Regular.plist */ = {isa = PBXFileReference; fileEncoding = 4; lastKnownFileType = text.plist.xml; path = "NotoSerifDisplay-Regular.plist"; sourceTree = "<group>"; };
		DE2395FF2A2185C20056ED7A /* ScaledFont.swift */ = {isa = PBXFileReference; fileEncoding = 4; lastKnownFileType = sourcecode.swift; path = ScaledFont.swift; sourceTree = "<group>"; };
		DEC888002A17E4D700256D97 /* IrregularVerbs.app */ = {isa = PBXFileReference; explicitFileType = wrapper.application; includeInIndex = 0; path = IrregularVerbs.app; sourceTree = BUILT_PRODUCTS_DIR; };
		DEC888032A17E4D700256D97 /* AppDelegate.swift */ = {isa = PBXFileReference; lastKnownFileType = sourcecode.swift; path = AppDelegate.swift; sourceTree = "<group>"; };
		DEC888072A17E4D700256D97 /* ViewController.swift */ = {isa = PBXFileReference; lastKnownFileType = sourcecode.swift; path = ViewController.swift; sourceTree = "<group>"; };
		DEC8880C2A17E4D900256D97 /* Assets.xcassets */ = {isa = PBXFileReference; lastKnownFileType = folder.assetcatalog; path = Assets.xcassets; sourceTree = "<group>"; };
		DEC8880F2A17E4D900256D97 /* Base */ = {isa = PBXFileReference; lastKnownFileType = file.storyboard; name = Base; path = Base.lproj/LaunchScreen.storyboard; sourceTree = "<group>"; };
		DEC888112A17E4D900256D97 /* Info.plist */ = {isa = PBXFileReference; lastKnownFileType = text.plist.xml; path = Info.plist; sourceTree = "<group>"; };
/* End PBXFileReference section */

/* Begin PBXFrameworksBuildPhase section */
		DEC887FD2A17E4D700256D97 /* Frameworks */ = {
			isa = PBXFrameworksBuildPhase;
			buildActionMask = 2147483647;
			files = (
			);
			runOnlyForDeploymentPostprocessing = 0;
		};
/* End PBXFrameworksBuildPhase section */

/* Begin PBXGroup section */
		DE2395FC2A21824B0056ED7A /* Fonts */ = {
			isa = PBXGroup;
			children = (
				DE2395F82A2182350056ED7A /* NotoSerifDisplay-Regular.ttf */,
				DE2395FA2A2182400056ED7A /* OFL.txt */,
			);
			path = Fonts;
			sourceTree = "<group>";
		};
		DEC887F72A17E4D700256D97 = {
			isa = PBXGroup;
			children = (
				DE2395E82A17EE230056ED7A /* .gitignore */,
				DEC888022A17E4D700256D97 /* IrregularVerbs */,
				DEC888012A17E4D700256D97 /* Products */,
			);
			sourceTree = "<group>";
		};
		DEC888012A17E4D700256D97 /* Products */ = {
			isa = PBXGroup;
			children = (
				DEC888002A17E4D700256D97 /* IrregularVerbs.app */,
			);
			name = Products;
			sourceTree = "<group>";
		};
		DEC888022A17E4D700256D97 /* IrregularVerbs */ = {
			isa = PBXGroup;
			children = (
				DEC888172A17E80C00256D97 /* Base */,
				DE2395FC2A21824B0056ED7A /* Fonts */,
				DEC888032A17E4D700256D97 /* AppDelegate.swift */,
				DEC888072A17E4D700256D97 /* ViewController.swift */,
				DE2395F42A1D56D50056ED7A /* LearnedCardsViewController.swift */,
				DE2395EA2A17F58F0056ED7A /* CustomView.swift */,
				DE2395EC2A17F6AA0056ED7A /* FlashCardModel.swift */,
				DE2395F22A1D3CA80056ED7A /* FlashCardManager.swift */,
				DE2395F62A217A120056ED7A /* Colors.swift */,
				DE2395FF2A2185C20056ED7A /* ScaledFont.swift */,
				DE2395F02A1A95500056ED7A /* verbs.json */,
				DE2395FD2A2184D60056ED7A /* NotoSerifDisplay-Regular.plist */,
			);
			path = IrregularVerbs;
			sourceTree = "<group>";
		};
		DEC888172A17E80C00256D97 /* Base */ = {
			isa = PBXGroup;
			children = (
				DEC8880C2A17E4D900256D97 /* Assets.xcassets */,
				DEC8880E2A17E4D900256D97 /* LaunchScreen.storyboard */,
				DEC888112A17E4D900256D97 /* Info.plist */,
			);
			path = Base;
			sourceTree = "<group>";
		};
/* End PBXGroup section */

/* Begin PBXNativeTarget section */
		DEC887FF2A17E4D700256D97 /* IrregularVerbs */ = {
			isa = PBXNativeTarget;
			buildConfigurationList = DEC888142A17E4D900256D97 /* Build configuration list for PBXNativeTarget "IrregularVerbs" */;
			buildPhases = (
				DEC887FC2A17E4D700256D97 /* Sources */,
				DEC887FD2A17E4D700256D97 /* Frameworks */,
				DEC887FE2A17E4D700256D97 /* Resources */,
			);
			buildRules = (
			);
			dependencies = (
			);
			name = IrregularVerbs;
			productName = IrregularVerbs;
			productReference = DEC888002A17E4D700256D97 /* IrregularVerbs.app */;
			productType = "com.apple.product-type.application";
		};
/* End PBXNativeTarget section */

/* Begin PBXProject section */
		DEC887F82A17E4D700256D97 /* Project object */ = {
			isa = PBXProject;
			attributes = {
				BuildIndependentTargetsInParallel = 1;
				LastSwiftUpdateCheck = 1430;
				LastUpgradeCheck = 1430;
				TargetAttributes = {
					DEC887FF2A17E4D700256D97 = {
						CreatedOnToolsVersion = 14.3;
					};
				};
			};
			buildConfigurationList = DEC887FB2A17E4D700256D97 /* Build configuration list for PBXProject "IrregularVerbs" */;
			compatibilityVersion = "Xcode 14.0";
			developmentRegion = en;
			hasScannedForEncodings = 0;
			knownRegions = (
				en,
				Base,
			);
			mainGroup = DEC887F72A17E4D700256D97;
			productRefGroup = DEC888012A17E4D700256D97 /* Products */;
			projectDirPath = "";
			projectRoot = "";
			targets = (
				DEC887FF2A17E4D700256D97 /* IrregularVerbs */,
			);
		};
/* End PBXProject section */

/* Begin PBXResourcesBuildPhase section */
		DEC887FE2A17E4D700256D97 /* Resources */ = {
			isa = PBXResourcesBuildPhase;
			buildActionMask = 2147483647;
			files = (
				DE2395FB2A2182400056ED7A /* OFL.txt in Resources */,
				DE2395FE2A2184D60056ED7A /* NotoSerifDisplay-Regular.plist in Resources */,
				DE2395F92A2182350056ED7A /* NotoSerifDisplay-Regular.ttf in Resources */,
				DEC888102A17E4D900256D97 /* LaunchScreen.storyboard in Resources */,
				DE2395E92A17EE230056ED7A /* .gitignore in Resources */,
				DEC8880D2A17E4D900256D97 /* Assets.xcassets in Resources */,
				DE2395F12A1A95500056ED7A /* verbs.json in Resources */,
			);
			runOnlyForDeploymentPostprocessing = 0;
		};
/* End PBXResourcesBuildPhase section */

/* Begin PBXSourcesBuildPhase section */
		DEC887FC2A17E4D700256D97 /* Sources */ = {
			isa = PBXSourcesBuildPhase;
			buildActionMask = 2147483647;
			files = (
				DE2395F52A1D56D50056ED7A /* LearnedCardsViewController.swift in Sources */,
				DE2395ED2A17F6AA0056ED7A /* FlashCardModel.swift in Sources */,
				DE2395EB2A17F58F0056ED7A /* CustomView.swift in Sources */,
				DE2395F72A217A120056ED7A /* Colors.swift in Sources */,
				DEC888082A17E4D700256D97 /* ViewController.swift in Sources */,
				DEC888042A17E4D700256D97 /* AppDelegate.swift in Sources */,
				DE2396002A2185C20056ED7A /* ScaledFont.swift in Sources */,
				DE2395F32A1D3CA80056ED7A /* FlashCardManager.swift in Sources */,
			);
			runOnlyForDeploymentPostprocessing = 0;
		};
/* End PBXSourcesBuildPhase section */

/* Begin PBXVariantGroup section */
		DEC8880E2A17E4D900256D97 /* LaunchScreen.storyboard */ = {
			isa = PBXVariantGroup;
			children = (
				DEC8880F2A17E4D900256D97 /* Base */,
			);
			name = LaunchScreen.storyboard;
			sourceTree = "<group>";
		};
/* End PBXVariantGroup section */

/* Begin XCBuildConfiguration section */
		DEC888122A17E4D900256D97 /* Debug */ = {
			isa = XCBuildConfiguration;
			buildSettings = {
				ALWAYS_SEARCH_USER_PATHS = NO;
				CLANG_ANALYZER_NONNULL = YES;
				CLANG_ANALYZER_NUMBER_OBJECT_CONVERSION = YES_AGGRESSIVE;
				CLANG_CXX_LANGUAGE_STANDARD = "gnu++20";
				CLANG_ENABLE_MODULES = YES;
				CLANG_ENABLE_OBJC_ARC = YES;
				CLANG_ENABLE_OBJC_WEAK = YES;
				CLANG_WARN_BLOCK_CAPTURE_AUTORELEASING = YES;
				CLANG_WARN_BOOL_CONVERSION = YES;
				CLANG_WARN_COMMA = YES;
				CLANG_WARN_CONSTANT_CONVERSION = YES;
				CLANG_WARN_DEPRECATED_OBJC_IMPLEMENTATIONS = YES;
				CLANG_WARN_DIRECT_OBJC_ISA_USAGE = YES_ERROR;
				CLANG_WARN_DOCUMENTATION_COMMENTS = YES;
				CLANG_WARN_EMPTY_BODY = YES;
				CLANG_WARN_ENUM_CONVERSION = YES;
				CLANG_WARN_INFINITE_RECURSION = YES;
				CLANG_WARN_INT_CONVERSION = YES;
				CLANG_WARN_NON_LITERAL_NULL_CONVERSION = YES;
				CLANG_WARN_OBJC_IMPLICIT_RETAIN_SELF = YES;
				CLANG_WARN_OBJC_LITERAL_CONVERSION = YES;
				CLANG_WARN_OBJC_ROOT_CLASS = YES_ERROR;
				CLANG_WARN_QUOTED_INCLUDE_IN_FRAMEWORK_HEADER = YES;
				CLANG_WARN_RANGE_LOOP_ANALYSIS = YES;
				CLANG_WARN_STRICT_PROTOTYPES = YES;
				CLANG_WARN_SUSPICIOUS_MOVE = YES;
				CLANG_WARN_UNGUARDED_AVAILABILITY = YES_AGGRESSIVE;
				CLANG_WARN_UNREACHABLE_CODE = YES;
				CLANG_WARN__DUPLICATE_METHOD_MATCH = YES;
				COPY_PHASE_STRIP = NO;
				DEBUG_INFORMATION_FORMAT = dwarf;
				ENABLE_STRICT_OBJC_MSGSEND = YES;
				ENABLE_TESTABILITY = YES;
				GCC_C_LANGUAGE_STANDARD = gnu11;
				GCC_DYNAMIC_NO_PIC = NO;
				GCC_NO_COMMON_BLOCKS = YES;
				GCC_OPTIMIZATION_LEVEL = 0;
				GCC_PREPROCESSOR_DEFINITIONS = (
					"DEBUG=1",
					"$(inherited)",
				);
				GCC_WARN_64_TO_32_BIT_CONVERSION = YES;
				GCC_WARN_ABOUT_RETURN_TYPE = YES_ERROR;
				GCC_WARN_UNDECLARED_SELECTOR = YES;
				GCC_WARN_UNINITIALIZED_AUTOS = YES_AGGRESSIVE;
				GCC_WARN_UNUSED_FUNCTION = YES;
				GCC_WARN_UNUSED_VARIABLE = YES;
				IPHONEOS_DEPLOYMENT_TARGET = 15.0;
				MTL_ENABLE_DEBUG_INFO = INCLUDE_SOURCE;
				MTL_FAST_MATH = YES;
				ONLY_ACTIVE_ARCH = YES;
				SDKROOT = iphoneos;
				SWIFT_ACTIVE_COMPILATION_CONDITIONS = DEBUG;
				SWIFT_OPTIMIZATION_LEVEL = "-Onone";
			};
			name = Debug;
		};
		DEC888132A17E4D900256D97 /* Release */ = {
			isa = XCBuildConfiguration;
			buildSettings = {
				ALWAYS_SEARCH_USER_PATHS = NO;
				CLANG_ANALYZER_NONNULL = YES;
				CLANG_ANALYZER_NUMBER_OBJECT_CONVERSION = YES_AGGRESSIVE;
				CLANG_CXX_LANGUAGE_STANDARD = "gnu++20";
				CLANG_ENABLE_MODULES = YES;
				CLANG_ENABLE_OBJC_ARC = YES;
				CLANG_ENABLE_OBJC_WEAK = YES;
				CLANG_WARN_BLOCK_CAPTURE_AUTORELEASING = YES;
				CLANG_WARN_BOOL_CONVERSION = YES;
				CLANG_WARN_COMMA = YES;
				CLANG_WARN_CONSTANT_CONVERSION = YES;
				CLANG_WARN_DEPRECATED_OBJC_IMPLEMENTATIONS = YES;
				CLANG_WARN_DIRECT_OBJC_ISA_USAGE = YES_ERROR;
				CLANG_WARN_DOCUMENTATION_COMMENTS = YES;
				CLANG_WARN_EMPTY_BODY = YES;
				CLANG_WARN_ENUM_CONVERSION = YES;
				CLANG_WARN_INFINITE_RECURSION = YES;
				CLANG_WARN_INT_CONVERSION = YES;
				CLANG_WARN_NON_LITERAL_NULL_CONVERSION = YES;
				CLANG_WARN_OBJC_IMPLICIT_RETAIN_SELF = YES;
				CLANG_WARN_OBJC_LITERAL_CONVERSION = YES;
				CLANG_WARN_OBJC_ROOT_CLASS = YES_ERROR;
				CLANG_WARN_QUOTED_INCLUDE_IN_FRAMEWORK_HEADER = YES;
				CLANG_WARN_RANGE_LOOP_ANALYSIS = YES;
				CLANG_WARN_STRICT_PROTOTYPES = YES;
				CLANG_WARN_SUSPICIOUS_MOVE = YES;
				CLANG_WARN_UNGUARDED_AVAILABILITY = YES_AGGRESSIVE;
				CLANG_WARN_UNREACHABLE_CODE = YES;
				CLANG_WARN__DUPLICATE_METHOD_MATCH = YES;
				COPY_PHASE_STRIP = NO;
				DEBUG_INFORMATION_FORMAT = "dwarf-with-dsym";
				ENABLE_NS_ASSERTIONS = NO;
				ENABLE_STRICT_OBJC_MSGSEND = YES;
				GCC_C_LANGUAGE_STANDARD = gnu11;
				GCC_NO_COMMON_BLOCKS = YES;
				GCC_WARN_64_TO_32_BIT_CONVERSION = YES;
				GCC_WARN_ABOUT_RETURN_TYPE = YES_ERROR;
				GCC_WARN_UNDECLARED_SELECTOR = YES;
				GCC_WARN_UNINITIALIZED_AUTOS = YES_AGGRESSIVE;
				GCC_WARN_UNUSED_FUNCTION = YES;
				GCC_WARN_UNUSED_VARIABLE = YES;
				IPHONEOS_DEPLOYMENT_TARGET = 15.0;
				MTL_ENABLE_DEBUG_INFO = NO;
				MTL_FAST_MATH = YES;
				SDKROOT = iphoneos;
				SWIFT_COMPILATION_MODE = wholemodule;
				SWIFT_OPTIMIZATION_LEVEL = "-O";
				VALIDATE_PRODUCT = YES;
			};
			name = Release;
		};
		DEC888152A17E4D900256D97 /* Debug */ = {
			isa = XCBuildConfiguration;
			buildSettings = {
				ASSETCATALOG_COMPILER_APPICON_NAME = AppIcon;
				ASSETCATALOG_COMPILER_GLOBAL_ACCENT_COLOR_NAME = AccentColor;
				CODE_SIGN_STYLE = Automatic;
				CURRENT_PROJECT_VERSION = 1.1;
				DEVELOPMENT_TEAM = 6X73SB6LVU;
				GENERATE_INFOPLIST_FILE = YES;
				INFOPLIST_FILE = IrregularVerbs/Base/Info.plist;
				INFOPLIST_KEY_CFBundleDisplayName = "English Irregular Verbs";
				INFOPLIST_KEY_UIApplicationSupportsIndirectInputEvents = YES;
				INFOPLIST_KEY_UILaunchStoryboardName = LaunchScreen;
				INFOPLIST_KEY_UISupportedInterfaceOrientations = UIInterfaceOrientationPortrait;
				INFOPLIST_KEY_UISupportedInterfaceOrientations_iPad = "UIInterfaceOrientationLandscapeLeft UIInterfaceOrientationLandscapeRight UIInterfaceOrientationPortrait";
				IPHONEOS_DEPLOYMENT_TARGET = 15.0;
				LD_RUNPATH_SEARCH_PATHS = (
					"$(inherited)",
					"@executable_path/Frameworks",
				);
				MARKETING_VERSION = 1.0.1;
				PRODUCT_BUNDLE_IDENTIFIER = nadts.IrregularVerbs;
				PRODUCT_NAME = "$(TARGET_NAME)";
				SUPPORTED_PLATFORMS = "iphoneos iphonesimulator";
				SUPPORTS_MACCATALYST = NO;
				SUPPORTS_MAC_DESIGNED_FOR_IPHONE_IPAD = NO;
				SWIFT_EMIT_LOC_STRINGS = YES;
				SWIFT_VERSION = 5.0;
				TARGETED_DEVICE_FAMILY = 1;
			};
			name = Debug;
		};
		DEC888162A17E4D900256D97 /* Release */ = {
			isa = XCBuildConfiguration;
			buildSettings = {
				ASSETCATALOG_COMPILER_APPICON_NAME = AppIcon;
				ASSETCATALOG_COMPILER_GLOBAL_ACCENT_COLOR_NAME = AccentColor;
				CODE_SIGN_STYLE = Automatic;
				CURRENT_PROJECT_VERSION = 1.1;
				DEVELOPMENT_TEAM = 6X73SB6LVU;
				GENERATE_INFOPLIST_FILE = YES;
				INFOPLIST_FILE = IrregularVerbs/Base/Info.plist;
				INFOPLIST_KEY_CFBundleDisplayName = "English Irregular Verbs";
				INFOPLIST_KEY_UIApplicationSupportsIndirectInputEvents = YES;
				INFOPLIST_KEY_UILaunchStoryboardName = LaunchScreen;
				INFOPLIST_KEY_UISupportedInterfaceOrientations = UIInterfaceOrientationPortrait;
				INFOPLIST_KEY_UISupportedInterfaceOrientations_iPad = "UIInterfaceOrientationLandscapeLeft UIInterfaceOrientationLandscapeRight UIInterfaceOrientationPortrait";
				IPHONEOS_DEPLOYMENT_TARGET = 15.0;
				LD_RUNPATH_SEARCH_PATHS = (
					"$(inherited)",
					"@executable_path/Frameworks",
				);
				MARKETING_VERSION = 1.0.1;
				PRODUCT_BUNDLE_IDENTIFIER = nadts.IrregularVerbs;
				PRODUCT_NAME = "$(TARGET_NAME)";
				SUPPORTED_PLATFORMS = "iphoneos iphonesimulator";
				SUPPORTS_MACCATALYST = NO;
				SUPPORTS_MAC_DESIGNED_FOR_IPHONE_IPAD = NO;
				SWIFT_EMIT_LOC_STRINGS = YES;
				SWIFT_VERSION = 5.0;
				TARGETED_DEVICE_FAMILY = 1;
			};
			name = Release;
		};
/* End XCBuildConfiguration section */

/* Begin XCConfigurationList section */
		DEC887FB2A17E4D700256D97 /* Build configuration list for PBXProject "IrregularVerbs" */ = {
			isa = XCConfigurationList;
			buildConfigurations = (
				DEC888122A17E4D900256D97 /* Debug */,
				DEC888132A17E4D900256D97 /* Release */,
			);
			defaultConfigurationIsVisible = 0;
			defaultConfigurationName = Release;
		};
		DEC888142A17E4D900256D97 /* Build configuration list for PBXNativeTarget "IrregularVerbs" */ = {
			isa = XCConfigurationList;
			buildConfigurations = (
				DEC888152A17E4D900256D97 /* Debug */,
				DEC888162A17E4D900256D97 /* Release */,
			);
			defaultConfigurationIsVisible = 0;
			defaultConfigurationName = Release;
		};
/* End XCConfigurationList section */
	};
	rootObject = DEC887F82A17E4D700256D97 /* Project object */;
}
